
Microsoft Visual Studio Solution File, Format Version 12.00
# Visual Studio Version 16
VisualStudioVersion = 16.0.31205.134
MinimumVisualStudioVersion = 10.0.40219.1
Project("{FAE04EC0-301F-11D3-BF4B-00C04F79EFBC}") = "CleanWebApi.Api", "CleanWebApi.Api\CleanWebApi.Api.csproj", "{9BD3C3E3-EBD6-4BC3-A53D-BC117CC0C36A}"
EndProject
Project("{FAE04EC0-301F-11D3-BF4B-00C04F79EFBC}") = "CleanWebApi.Core", "CleanWebApi.Core\CleanWebApi.Core.csproj", "{A64D923A-DEC4-4212-A990-D40AA534E0A2}"
EndProject
Project("{FAE04EC0-301F-11D3-BF4B-00C04F79EFBC}") = "CleanWebApi.Infrastructure", "CleanWebApi.Infrastructure\CleanWebApi.Infrastructure.csproj", "{E4F26342-AC3D-41FD-85AB-84661B7F52EE}"
EndProject
Project("{2150E333-8FDC-42A3-9474-1A3956D46DE8}") = "Tests", "Tests", "{A04213B5-48D5-4F57-BDB9-87FE2D9A6123}"
EndProject
Project("{FAE04EC0-301F-11D3-BF4B-00C04F79EFBC}") = "CleanWebApi.UnitTests", "CleanWebApi.UnitTests\CleanWebApi.UnitTests.csproj", "{3D4BE5AE-7269-47A0-9AE7-C7CCA956F787}"
EndProject
Project("{FAE04EC0-301F-11D3-BF4B-00C04F79EFBC}") = "CleanWebApi.IntegrationTests", "CleanWebApi.IntegrationTests\CleanWebApi.IntegrationTests.csproj", "{A81B6398-FA16-4D86-9390-5246178C388E}"
EndProject
Global
	GlobalSection(SolutionConfigurationPlatforms) = preSolution
		Debug|Any CPU = Debug|Any CPU
		Release|Any CPU = Release|Any CPU
	EndGlobalSection
	GlobalSection(ProjectConfigurationPlatforms) = postSolution
		{9BD3C3E3-EBD6-4BC3-A53D-BC117CC0C36A}.Debug|Any CPU.ActiveCfg = Debug|Any CPU
		{9BD3C3E3-EBD6-4BC3-A53D-BC117CC0C36A}.Debug|Any CPU.Build.0 = Debug|Any CPU
		{9BD3C3E3-EBD6-4BC3-A53D-BC117CC0C36A}.Release|Any CPU.ActiveCfg = Release|Any CPU
		{9BD3C3E3-EBD6-4BC3-A53D-BC117CC0C36A}.Release|Any CPU.Build.0 = Release|Any CPU
		{A64D923A-DEC4-4212-A990-D40AA534E0A2}.Debug|Any CPU.ActiveCfg = Debug|Any CPU
		{A64D923A-DEC4-4212-A990-D40AA534E0A2}.Debug|Any CPU.Build.0 = Debug|Any CPU
		{A64D923A-DEC4-4212-A990-D40AA534E0A2}.Release|Any CPU.ActiveCfg = Release|Any CPU
		{A64D923A-DEC4-4212-A990-D40AA534E0A2}.Release|Any CPU.Build.0 = Release|Any CPU
		{E4F26342-AC3D-41FD-85AB-84661B7F52EE}.Debug|Any CPU.ActiveCfg = Debug|Any CPU
		{E4F26342-AC3D-41FD-85AB-84661B7F52EE}.Debug|Any CPU.Build.0 = Debug|Any CPU
		{E4F26342-AC3D-41FD-85AB-84661B7F52EE}.Release|Any CPU.ActiveCfg = Release|Any CPU
		{E4F26342-AC3D-41FD-85AB-84661B7F52EE}.Release|Any CPU.Build.0 = Release|Any CPU
		{3D4BE5AE-7269-47A0-9AE7-C7CCA956F787}.Debug|Any CPU.ActiveCfg = Debug|Any CPU
		{3D4BE5AE-7269-47A0-9AE7-C7CCA956F787}.Debug|Any CPU.Build.0 = Debug|Any CPU
		{3D4BE5AE-7269-47A0-9AE7-C7CCA956F787}.Release|Any CPU.ActiveCfg = Release|Any CPU
		{3D4BE5AE-7269-47A0-9AE7-C7CCA956F787}.Release|Any CPU.Build.0 = Release|Any CPU
		{A81B6398-FA16-4D86-9390-5246178C388E}.Debug|Any CPU.ActiveCfg = Debug|Any CPU
		{A81B6398-FA16-4D86-9390-5246178C388E}.Debug|Any CPU.Build.0 = Debug|Any CPU
		{A81B6398-FA16-4D86-9390-5246178C388E}.Release|Any CPU.ActiveCfg = Release|Any CPU
		{A81B6398-FA16-4D86-9390-5246178C388E}.Release|Any CPU.Build.0 = Release|Any CPU
	EndGlobalSection
	GlobalSection(SolutionProperties) = preSolution
		HideSolutionNode = FALSE
	EndGlobalSection
	GlobalSection(NestedProjects) = preSolution
		{3D4BE5AE-7269-47A0-9AE7-C7CCA956F787} = {A04213B5-48D5-4F57-BDB9-87FE2D9A6123}
		{A81B6398-FA16-4D86-9390-5246178C388E} = {A04213B5-48D5-4F57-BDB9-87FE2D9A6123}
	EndGlobalSection
	GlobalSection(ExtensibilityGlobals) = postSolution
		SolutionGuid = {77CEC30C-D5F8-49F6-82C9-23AA9B9475CA}
	EndGlobalSection
EndGlobal
